
Microsoft Visual Studio Solution File, Format Version 12.00
# Visual Studio Version 17
VisualStudioVersion = 17.8.34511.84
MinimumVisualStudioVersion = 10.0.40219.1
Project("{9A19103F-16F7-4668-BE54-9A1E7A4F7556}") = "FileProcessApp", "FileProcessApp\FileProcessApp.csproj", "{243FB92F-648D-4CDD-AEB7-D4102BB698C6}"
EndProject
Project("{FAE04EC0-301F-11D3-BF4B-00C04F79EFBC}") = "FileProcessConsume", "FileProcessConsume\FileProcessConsume.csproj", "{ABDA580E-30DD-4812-9EE1-E29843B49456}"
EndProject
Project("{FAE04EC0-301F-11D3-BF4B-00C04F79EFBC}") = "FileServiceAppTest", "FileServiceAppTest\FileServiceAppTest.csproj", "{04B0F160-47C5-4BA4-B44C-E41779BB8C19}"
EndProject
Global
	GlobalSection(SolutionConfigurationPlatforms) = preSolution
		Debug|Any CPU = Debug|Any CPU
		Release|Any CPU = Release|Any CPU
	EndGlobalSection
	GlobalSection(ProjectConfigurationPlatforms) = postSolution
		{243FB92F-648D-4CDD-AEB7-D4102BB698C6}.Debug|Any CPU.ActiveCfg = Debug|Any CPU
		{243FB92F-648D-4CDD-AEB7-D4102BB698C6}.Debug|Any CPU.Build.0 = Debug|Any CPU
		{243FB92F-648D-4CDD-AEB7-D4102BB698C6}.Release|Any CPU.ActiveCfg = Release|Any CPU
		{243FB92F-648D-4CDD-AEB7-D4102BB698C6}.Release|Any CPU.Build.0 = Release|Any CPU
		{ABDA580E-30DD-4812-9EE1-E29843B49456}.Debug|Any CPU.ActiveCfg = Debug|Any CPU
		{ABDA580E-30DD-4812-9EE1-E29843B49456}.Debug|Any CPU.Build.0 = Debug|Any CPU
		{ABDA580E-30DD-4812-9EE1-E29843B49456}.Release|Any CPU.ActiveCfg = Release|Any CPU
		{ABDA580E-30DD-4812-9EE1-E29843B49456}.Release|Any CPU.Build.0 = Release|Any CPU
		{04B0F160-47C5-4BA4-B44C-E41779BB8C19}.Debug|Any CPU.ActiveCfg = Debug|Any CPU
		{04B0F160-47C5-4BA4-B44C-E41779BB8C19}.Debug|Any CPU.Build.0 = Debug|Any CPU
		{04B0F160-47C5-4BA4-B44C-E41779BB8C19}.Release|Any CPU.ActiveCfg = Release|Any CPU
		{04B0F160-47C5-4BA4-B44C-E41779BB8C19}.Release|Any CPU.Build.0 = Release|Any CPU
	EndGlobalSection
	GlobalSection(SolutionProperties) = preSolution
		HideSolutionNode = FALSE
	EndGlobalSection
	GlobalSection(ExtensibilityGlobals) = postSolution
		SolutionGuid = {EEAC6C76-607F-41EA-953A-DD0DA8E2AF19}
	EndGlobalSection
EndGlobal
